
Microsoft Visual Studio Solution File, Format Version 12.00
# Visual Studio Version 17
VisualStudioVersion = 17.3.32929.385
MinimumVisualStudioVersion = 10.0.40219.1
Project("{9A19103F-16F7-4668-BE54-9A1E7A4F7556}") = "BotAssistant", "BotAssistant.csproj", "{169F0E05-3E1D-4991-813B-8D13BEA07F14}"
EndProject
Project("{2150E333-8FDC-42A3-9474-1A3956D46DE8}") = "BotAssistant.Domain", "BotAssistant.Domain", "{9A282AB1-BA31-43DA-85B6-586D4EFDEEB7}"
EndProject
Project("{2150E333-8FDC-42A3-9474-1A3956D46DE8}") = "BotAssistant.Infrastructure", "BotAssistant.Infrastructure", "{5BA01B04-B457-4481-9F02-A59E81BFA0E8}"
EndProject
Project("{9A19103F-16F7-4668-BE54-9A1E7A4F7556}") = "BotAssistant.Domain", "..\BotAssistant.Domain\BotAssistant.Domain.csproj", "{506A55B1-CEE9-431F-9937-99EBD09ADD81}"
EndProject
Project("{9A19103F-16F7-4668-BE54-9A1E7A4F7556}") = "BotAssistant.Infrastructure", "..\BotAssistant.Infrastructure\BotAssistant.Infrastructure.csproj", "{0FFC821F-084A-4F3C-BD6A-2D8BFFA2DB3D}"
EndProject
Project("{9A19103F-16F7-4668-BE54-9A1E7A4F7556}") = "BotAssistant.Infrastructure.TelegramBot", "..\BotAssistant.Infrastructure.Telegram\BotAssistant.Infrastructure.TelegramBot.csproj", "{C7BB6AA9-E217-4EB2-99B5-AD2031786163}"
EndProject
Project("{2150E333-8FDC-42A3-9474-1A3956D46DE8}") = "BotAssistant.Test", "BotAssistant.Test", "{E67FE5B7-8075-4714-8365-895DA936E7A9}"
EndProject
Project("{9A19103F-16F7-4668-BE54-9A1E7A4F7556}") = "BotAssistant.Test", "..\BotAssistant.Test\BotAssistant.Test.csproj", "{3FE8BB62-BC24-434D-A5E7-21966B63955C}"
EndProject
Project("{9A19103F-16F7-4668-BE54-9A1E7A4F7556}") = "BotAssistant.Infrastructure.Worker", "..\BotAssistant.Infrastructure.Worker\BotAssistant.Infrastructure.Worker.csproj", "{E8E74A01-4302-4CCF-9F24-B887B606F010}"
EndProject
Project("{2150E333-8FDC-42A3-9474-1A3956D46DE8}") = "Application", "Application", "{F174C11B-AA1E-4C2E-A7EE-88AE07BB9AB9}"
EndProject
Project("{FAE04EC0-301F-11D3-BF4B-00C04F79EFBC}") = "BotAssistant.Application.Service", "..\BotAssistant.Application.Service\BotAssistant.Application.Service.csproj", "{B8048225-8E66-47C5-9FFC-BC6BCBD914D2}"
EndProject
Global
	GlobalSection(SolutionConfigurationPlatforms) = preSolution
		Debug|Any CPU = Debug|Any CPU
		Release|Any CPU = Release|Any CPU
	EndGlobalSection
	GlobalSection(ProjectConfigurationPlatforms) = postSolution
		{169F0E05-3E1D-4991-813B-8D13BEA07F14}.Debug|Any CPU.ActiveCfg = Debug|Any CPU
		{169F0E05-3E1D-4991-813B-8D13BEA07F14}.Debug|Any CPU.Build.0 = Debug|Any CPU
		{169F0E05-3E1D-4991-813B-8D13BEA07F14}.Release|Any CPU.ActiveCfg = Release|Any CPU
		{169F0E05-3E1D-4991-813B-8D13BEA07F14}.Release|Any CPU.Build.0 = Release|Any CPU
		{506A55B1-CEE9-431F-9937-99EBD09ADD81}.Debug|Any CPU.ActiveCfg = Debug|Any CPU
		{506A55B1-CEE9-431F-9937-99EBD09ADD81}.Debug|Any CPU.Build.0 = Debug|Any CPU
		{506A55B1-CEE9-431F-9937-99EBD09ADD81}.Release|Any CPU.ActiveCfg = Release|Any CPU
		{506A55B1-CEE9-431F-9937-99EBD09ADD81}.Release|Any CPU.Build.0 = Release|Any CPU
		{0FFC821F-084A-4F3C-BD6A-2D8BFFA2DB3D}.Debug|Any CPU.ActiveCfg = Debug|Any CPU
		{0FFC821F-084A-4F3C-BD6A-2D8BFFA2DB3D}.Debug|Any CPU.Build.0 = Debug|Any CPU
		{0FFC821F-084A-4F3C-BD6A-2D8BFFA2DB3D}.Release|Any CPU.ActiveCfg = Release|Any CPU
		{0FFC821F-084A-4F3C-BD6A-2D8BFFA2DB3D}.Release|Any CPU.Build.0 = Release|Any CPU
		{C7BB6AA9-E217-4EB2-99B5-AD2031786163}.Debug|Any CPU.ActiveCfg = Debug|Any CPU
		{C7BB6AA9-E217-4EB2-99B5-AD2031786163}.Debug|Any CPU.Build.0 = Debug|Any CPU
		{C7BB6AA9-E217-4EB2-99B5-AD2031786163}.Release|Any CPU.ActiveCfg = Release|Any CPU
		{C7BB6AA9-E217-4EB2-99B5-AD2031786163}.Release|Any CPU.Build.0 = Release|Any CPU
		{3FE8BB62-BC24-434D-A5E7-21966B63955C}.Debug|Any CPU.ActiveCfg = Debug|Any CPU
		{3FE8BB62-BC24-434D-A5E7-21966B63955C}.Release|Any CPU.ActiveCfg = Release|Any CPU
		{E8E74A01-4302-4CCF-9F24-B887B606F010}.Debug|Any CPU.ActiveCfg = Debug|Any CPU
		{E8E74A01-4302-4CCF-9F24-B887B606F010}.Debug|Any CPU.Build.0 = Debug|Any CPU
		{E8E74A01-4302-4CCF-9F24-B887B606F010}.Release|Any CPU.ActiveCfg = Release|Any CPU
		{E8E74A01-4302-4CCF-9F24-B887B606F010}.Release|Any CPU.Build.0 = Release|Any CPU
		{B8048225-8E66-47C5-9FFC-BC6BCBD914D2}.Debug|Any CPU.ActiveCfg = Debug|Any CPU
		{B8048225-8E66-47C5-9FFC-BC6BCBD914D2}.Debug|Any CPU.Build.0 = Debug|Any CPU
		{B8048225-8E66-47C5-9FFC-BC6BCBD914D2}.Release|Any CPU.ActiveCfg = Release|Any CPU
		{B8048225-8E66-47C5-9FFC-BC6BCBD914D2}.Release|Any CPU.Build.0 = Release|Any CPU
	EndGlobalSection
	GlobalSection(SolutionProperties) = preSolution
		HideSolutionNode = FALSE
	EndGlobalSection
	GlobalSection(NestedProjects) = preSolution
		{506A55B1-CEE9-431F-9937-99EBD09ADD81} = {9A282AB1-BA31-43DA-85B6-586D4EFDEEB7}
		{0FFC821F-084A-4F3C-BD6A-2D8BFFA2DB3D} = {5BA01B04-B457-4481-9F02-A59E81BFA0E8}
		{C7BB6AA9-E217-4EB2-99B5-AD2031786163} = {5BA01B04-B457-4481-9F02-A59E81BFA0E8}
		{3FE8BB62-BC24-434D-A5E7-21966B63955C} = {E67FE5B7-8075-4714-8365-895DA936E7A9}
		{E8E74A01-4302-4CCF-9F24-B887B606F010} = {5BA01B04-B457-4481-9F02-A59E81BFA0E8}
		{B8048225-8E66-47C5-9FFC-BC6BCBD914D2} = {F174C11B-AA1E-4C2E-A7EE-88AE07BB9AB9}
	EndGlobalSection
	GlobalSection(ExtensibilityGlobals) = postSolution
		SolutionGuid = {03DE1BCD-3EF5-4A2F-BC99-049D459929CD}
	EndGlobalSection
EndGlobal
